
Microsoft Visual Studio Solution File, Format Version 12.00
# Visual Studio Version 16
VisualStudioVersion = 16.0.31205.134
MinimumVisualStudioVersion = 10.0.40219.1
Project("{FAE04EC0-301F-11D3-BF4B-00C04F79EFBC}") = "inlock_03_DQL.sql", "inlock_03_DQL.sql\inlock_03_DQL.sql.csproj", "{DA4F7646-E281-4DD6-BDCA-E1BBB72F6FD0}"
EndProject
Global
	GlobalSection(SolutionConfigurationPlatforms) = preSolution
		Debug|Any CPU = Debug|Any CPU
		Release|Any CPU = Release|Any CPU
	EndGlobalSection
	GlobalSection(ProjectConfigurationPlatforms) = postSolution
		{DA4F7646-E281-4DD6-BDCA-E1BBB72F6FD0}.Debug|Any CPU.ActiveCfg = Debug|Any CPU
		{DA4F7646-E281-4DD6-BDCA-E1BBB72F6FD0}.Debug|Any CPU.Build.0 = Debug|Any CPU
		{DA4F7646-E281-4DD6-BDCA-E1BBB72F6FD0}.Release|Any CPU.ActiveCfg = Release|Any CPU
		{DA4F7646-E281-4DD6-BDCA-E1BBB72F6FD0}.Release|Any CPU.Build.0 = Release|Any CPU
	EndGlobalSection
	GlobalSection(SolutionProperties) = preSolution
		HideSolutionNode = FALSE
	EndGlobalSection
	GlobalSection(ExtensibilityGlobals) = postSolution
		SolutionGuid = {A0E77F9A-046A-407A-96A1-007926531D5D}
	EndGlobalSection
EndGlobal
